
Microsoft Visual Studio Solution File, Format Version 12.00
# Visual Studio Version 17
VisualStudioVersion = 17.14.36603.0 d17.14
MinimumVisualStudioVersion = 10.0.40219.1
Project("{FAE04EC0-301F-11D3-BF4B-00C04F79EFBC}") = "ellipsis.apps.Web", "ellipsis.apps.Web\ellipsis.apps.Web.csproj", "{92C528A5-B9C8-AF2F-159C-2B495DC390F0}"
EndProject
Global
	GlobalSection(SolutionConfigurationPlatforms) = preSolution
		Debug|Any CPU = Debug|Any CPU
		Release|Any CPU = Release|Any CPU
	EndGlobalSection
	GlobalSection(ProjectConfigurationPlatforms) = postSolution
		{92C528A5-B9C8-AF2F-159C-2B495DC390F0}.Debug|Any CPU.ActiveCfg = Debug|Any CPU
		{92C528A5-B9C8-AF2F-159C-2B495DC390F0}.Debug|Any CPU.Build.0 = Debug|Any CPU
		{92C528A5-B9C8-AF2F-159C-2B495DC390F0}.Release|Any CPU.ActiveCfg = Release|Any CPU
		{92C528A5-B9C8-AF2F-159C-2B495DC390F0}.Release|Any CPU.Build.0 = Release|Any CPU
	EndGlobalSection
	GlobalSection(SolutionProperties) = preSolution
		HideSolutionNode = FALSE
	EndGlobalSection
	GlobalSection(ExtensibilityGlobals) = postSolution
		SolutionGuid = {C91401BF-4F2A-4322-A697-CC4C7B7EFBC0}
	EndGlobalSection
EndGlobal
