
Microsoft Visual Studio Solution File, Format Version 12.00
# Visual Studio Version 17
VisualStudioVersion = 17.14.36518.9
MinimumVisualStudioVersion = 10.0.40219.1
Project("{FAE04EC0-301F-11D3-BF4B-00C04F79EFBC}") = "PrintSimpleArray", "PrintSimpleArray\PrintSimpleArray.csproj", "{6375E7E6-D006-A95D-B45C-CA73CBA5F9A0}"
EndProject
Project("{FAE04EC0-301F-11D3-BF4B-00C04F79EFBC}") = "StringTests", "StringTests\StringTests.csproj", "{5162594D-9BD2-4B75-AFD2-8EB3183332E2}"
EndProject
Project("{FAE04EC0-301F-11D3-BF4B-00C04F79EFBC}") = "SwapArrayElements", "SwapArrayElements\SwapArrayElements.csproj", "{62F502E2-4805-4D2C-96C4-352193272A33}"
EndProject
Project("{FAE04EC0-301F-11D3-BF4B-00C04F79EFBC}") = "DaysOfWeek", "DaysOfWeek\DaysOfWeek.csproj", "{6D96DF4A-5DA5-449D-AD7A-F332E610D940}"
EndProject
Project("{FAE04EC0-301F-11D3-BF4B-00C04F79EFBC}") = "DaysOfWeekLINQ", "DaysOfWeekLINQ\DaysOfWeekLINQ.csproj", "{27963394-6296-4F46-B6F1-8D71B66EB64C}"
EndProject
Project("{FAE04EC0-301F-11D3-BF4B-00C04F79EFBC}") = "FindSecondMax", "FindSecondMax\FindSecondMax.csproj", "{D6B6DAA4-2149-48E8-9185-C0CBC712E2F3}"
EndProject
Project("{FAE04EC0-301F-11D3-BF4B-00C04F79EFBC}") = "StringUpperCaseEqual", "StringUpperCaseEqual\StringUpperCaseEqual.csproj", "{7A3F81D4-3CE6-4B8B-8885-2BAE996EC8E1}"
EndProject
Project("{FAE04EC0-301F-11D3-BF4B-00C04F79EFBC}") = "DynamicArrayDeclaration", "DynamicArrayDeclaration\DynamicArrayDeclaration.csproj", "{6E71564B-A40A-41EB-9E0C-3C347E7E309B}"
EndProject
Project("{FAE04EC0-301F-11D3-BF4B-00C04F79EFBC}") = "PrintSimple2D", "PrintSimple2D\PrintSimple2D.csproj", "{91444EB0-2E08-4706-8855-068EE2EDEBE6}"
EndProject
Project("{FAE04EC0-301F-11D3-BF4B-00C04F79EFBC}") = "Rotate2DClockwise90", "Rotate2DArray\Rotate2DClockwise90.csproj", "{DF9B9A38-95A8-4EBC-8BCC-81AFBA155897}"
EndProject
Project("{2150E333-8FDC-42A3-9474-1A3956D46DE8}") = "String Arrays", "String Arrays", "{02EA681E-C7D8-13C7-8484-4AC65E1B71E8}"
EndProject
Project("{2150E333-8FDC-42A3-9474-1A3956D46DE8}") = "1D Arrays", "1D Arrays", "{90D07599-2D45-4FB3-97B6-E40104CE2D48}"
EndProject
Project("{2150E333-8FDC-42A3-9474-1A3956D46DE8}") = "2D Arrays", "2D Arrays", "{4FF03A92-9F66-4E13-9A17-93C53669F363}"
EndProject
Global
	GlobalSection(SolutionConfigurationPlatforms) = preSolution
		Debug|Any CPU = Debug|Any CPU
		Release|Any CPU = Release|Any CPU
	EndGlobalSection
	GlobalSection(ProjectConfigurationPlatforms) = postSolution
		{6375E7E6-D006-A95D-B45C-CA73CBA5F9A0}.Debug|Any CPU.ActiveCfg = Debug|Any CPU
		{6375E7E6-D006-A95D-B45C-CA73CBA5F9A0}.Debug|Any CPU.Build.0 = Debug|Any CPU
		{6375E7E6-D006-A95D-B45C-CA73CBA5F9A0}.Release|Any CPU.ActiveCfg = Release|Any CPU
		{6375E7E6-D006-A95D-B45C-CA73CBA5F9A0}.Release|Any CPU.Build.0 = Release|Any CPU
		{5162594D-9BD2-4B75-AFD2-8EB3183332E2}.Debug|Any CPU.ActiveCfg = Debug|Any CPU
		{5162594D-9BD2-4B75-AFD2-8EB3183332E2}.Debug|Any CPU.Build.0 = Debug|Any CPU
		{5162594D-9BD2-4B75-AFD2-8EB3183332E2}.Release|Any CPU.ActiveCfg = Release|Any CPU
		{5162594D-9BD2-4B75-AFD2-8EB3183332E2}.Release|Any CPU.Build.0 = Release|Any CPU
		{62F502E2-4805-4D2C-96C4-352193272A33}.Debug|Any CPU.ActiveCfg = Debug|Any CPU
		{62F502E2-4805-4D2C-96C4-352193272A33}.Debug|Any CPU.Build.0 = Debug|Any CPU
		{62F502E2-4805-4D2C-96C4-352193272A33}.Release|Any CPU.ActiveCfg = Release|Any CPU
		{62F502E2-4805-4D2C-96C4-352193272A33}.Release|Any CPU.Build.0 = Release|Any CPU
		{6D96DF4A-5DA5-449D-AD7A-F332E610D940}.Debug|Any CPU.ActiveCfg = Debug|Any CPU
		{6D96DF4A-5DA5-449D-AD7A-F332E610D940}.Debug|Any CPU.Build.0 = Debug|Any CPU
		{6D96DF4A-5DA5-449D-AD7A-F332E610D940}.Release|Any CPU.ActiveCfg = Release|Any CPU
		{6D96DF4A-5DA5-449D-AD7A-F332E610D940}.Release|Any CPU.Build.0 = Release|Any CPU
		{27963394-6296-4F46-B6F1-8D71B66EB64C}.Debug|Any CPU.ActiveCfg = Debug|Any CPU
		{27963394-6296-4F46-B6F1-8D71B66EB64C}.Debug|Any CPU.Build.0 = Debug|Any CPU
		{27963394-6296-4F46-B6F1-8D71B66EB64C}.Release|Any CPU.ActiveCfg = Release|Any CPU
		{27963394-6296-4F46-B6F1-8D71B66EB64C}.Release|Any CPU.Build.0 = Release|Any CPU
		{D6B6DAA4-2149-48E8-9185-C0CBC712E2F3}.Debug|Any CPU.ActiveCfg = Debug|Any CPU
		{D6B6DAA4-2149-48E8-9185-C0CBC712E2F3}.Debug|Any CPU.Build.0 = Debug|Any CPU
		{D6B6DAA4-2149-48E8-9185-C0CBC712E2F3}.Release|Any CPU.ActiveCfg = Release|Any CPU
		{D6B6DAA4-2149-48E8-9185-C0CBC712E2F3}.Release|Any CPU.Build.0 = Release|Any CPU
		{7A3F81D4-3CE6-4B8B-8885-2BAE996EC8E1}.Debug|Any CPU.ActiveCfg = Debug|Any CPU
		{7A3F81D4-3CE6-4B8B-8885-2BAE996EC8E1}.Debug|Any CPU.Build.0 = Debug|Any CPU
		{7A3F81D4-3CE6-4B8B-8885-2BAE996EC8E1}.Release|Any CPU.ActiveCfg = Release|Any CPU
		{7A3F81D4-3CE6-4B8B-8885-2BAE996EC8E1}.Release|Any CPU.Build.0 = Release|Any CPU
		{6E71564B-A40A-41EB-9E0C-3C347E7E309B}.Debug|Any CPU.ActiveCfg = Debug|Any CPU
		{6E71564B-A40A-41EB-9E0C-3C347E7E309B}.Debug|Any CPU.Build.0 = Debug|Any CPU
		{6E71564B-A40A-41EB-9E0C-3C347E7E309B}.Release|Any CPU.ActiveCfg = Release|Any CPU
		{6E71564B-A40A-41EB-9E0C-3C347E7E309B}.Release|Any CPU.Build.0 = Release|Any CPU
		{91444EB0-2E08-4706-8855-068EE2EDEBE6}.Debug|Any CPU.ActiveCfg = Debug|Any CPU
		{91444EB0-2E08-4706-8855-068EE2EDEBE6}.Debug|Any CPU.Build.0 = Debug|Any CPU
		{91444EB0-2E08-4706-8855-068EE2EDEBE6}.Release|Any CPU.ActiveCfg = Release|Any CPU
		{91444EB0-2E08-4706-8855-068EE2EDEBE6}.Release|Any CPU.Build.0 = Release|Any CPU
		{DF9B9A38-95A8-4EBC-8BCC-81AFBA155897}.Debug|Any CPU.ActiveCfg = Debug|Any CPU
		{DF9B9A38-95A8-4EBC-8BCC-81AFBA155897}.Debug|Any CPU.Build.0 = Debug|Any CPU
		{DF9B9A38-95A8-4EBC-8BCC-81AFBA155897}.Release|Any CPU.ActiveCfg = Release|Any CPU
		{DF9B9A38-95A8-4EBC-8BCC-81AFBA155897}.Release|Any CPU.Build.0 = Release|Any CPU
	EndGlobalSection
	GlobalSection(SolutionProperties) = preSolution
		HideSolutionNode = FALSE
	EndGlobalSection
	GlobalSection(NestedProjects) = preSolution
		{6375E7E6-D006-A95D-B45C-CA73CBA5F9A0} = {90D07599-2D45-4FB3-97B6-E40104CE2D48}
		{5162594D-9BD2-4B75-AFD2-8EB3183332E2} = {02EA681E-C7D8-13C7-8484-4AC65E1B71E8}
		{62F502E2-4805-4D2C-96C4-352193272A33} = {90D07599-2D45-4FB3-97B6-E40104CE2D48}
		{6D96DF4A-5DA5-449D-AD7A-F332E610D940} = {02EA681E-C7D8-13C7-8484-4AC65E1B71E8}
		{27963394-6296-4F46-B6F1-8D71B66EB64C} = {02EA681E-C7D8-13C7-8484-4AC65E1B71E8}
		{D6B6DAA4-2149-48E8-9185-C0CBC712E2F3} = {90D07599-2D45-4FB3-97B6-E40104CE2D48}
		{7A3F81D4-3CE6-4B8B-8885-2BAE996EC8E1} = {02EA681E-C7D8-13C7-8484-4AC65E1B71E8}
		{6E71564B-A40A-41EB-9E0C-3C347E7E309B} = {90D07599-2D45-4FB3-97B6-E40104CE2D48}
		{91444EB0-2E08-4706-8855-068EE2EDEBE6} = {4FF03A92-9F66-4E13-9A17-93C53669F363}
		{DF9B9A38-95A8-4EBC-8BCC-81AFBA155897} = {4FF03A92-9F66-4E13-9A17-93C53669F363}
	EndGlobalSection
	GlobalSection(ExtensibilityGlobals) = postSolution
		SolutionGuid = {ED58C19C-E5FA-4ADE-9001-BAD2EE9BC48E}
	EndGlobalSection
EndGlobal
